
Microsoft Visual Studio Solution File, Format Version 12.00
# Visual Studio Version 17
VisualStudioVersion = 17.0.31903.59
MinimumVisualStudioVersion = 10.0.40219.1
Project("{FAE04EC0-301F-11D3-BF4B-00C04F79EFBC}") = "Console", "Console\Console.csproj", "{16952299-329E-4F94-A3DA-E3340059B075}"
EndProject
Project("{FAE04EC0-301F-11D3-BF4B-00C04F79EFBC}") = "Base", "Base\Base.csproj", "{4E7A15D9-824F-4751-AAC2-35031B31649A}"
EndProject
Project("{FAE04EC0-301F-11D3-BF4B-00C04F79EFBC}") = "Advanced", "Advanced\Advanced.csproj", "{03916F40-F027-41A8-B2F2-3F93B84A9A65}"
EndProject
Global
	GlobalSection(SolutionConfigurationPlatforms) = preSolution
		Debug|Any CPU = Debug|Any CPU
		Release|Any CPU = Release|Any CPU
	EndGlobalSection
	GlobalSection(ProjectConfigurationPlatforms) = postSolution
		{16952299-329E-4F94-A3DA-E3340059B075}.Debug|Any CPU.ActiveCfg = Debug|Any CPU
		{16952299-329E-4F94-A3DA-E3340059B075}.Debug|Any CPU.Build.0 = Debug|Any CPU
		{16952299-329E-4F94-A3DA-E3340059B075}.Release|Any CPU.ActiveCfg = Release|Any CPU
		{16952299-329E-4F94-A3DA-E3340059B075}.Release|Any CPU.Build.0 = Release|Any CPU
		{4E7A15D9-824F-4751-AAC2-35031B31649A}.Debug|Any CPU.ActiveCfg = Debug|Any CPU
		{4E7A15D9-824F-4751-AAC2-35031B31649A}.Debug|Any CPU.Build.0 = Debug|Any CPU
		{4E7A15D9-824F-4751-AAC2-35031B31649A}.Release|Any CPU.ActiveCfg = Release|Any CPU
		{4E7A15D9-824F-4751-AAC2-35031B31649A}.Release|Any CPU.Build.0 = Release|Any CPU
		{03916F40-F027-41A8-B2F2-3F93B84A9A65}.Debug|Any CPU.ActiveCfg = Debug|Any CPU
		{03916F40-F027-41A8-B2F2-3F93B84A9A65}.Debug|Any CPU.Build.0 = Debug|Any CPU
		{03916F40-F027-41A8-B2F2-3F93B84A9A65}.Release|Any CPU.ActiveCfg = Release|Any CPU
		{03916F40-F027-41A8-B2F2-3F93B84A9A65}.Release|Any CPU.Build.0 = Release|Any CPU
	EndGlobalSection
	GlobalSection(SolutionProperties) = preSolution
		HideSolutionNode = FALSE
	EndGlobalSection
EndGlobal
